
Microsoft Visual Studio Solution File, Format Version 12.00
Project("{FAE04EC0-301F-11D3-BF4B-00C04F79EFBC}") = "Stater.StateMachine.Lib", "Stater.StateMachine.Lib\Stater.StateMachine.Lib.csproj", "{B2893B00-FCB9-41A1-BAA5-528F8CD02D1F}"
EndProject
Project("{FAE04EC0-301F-11D3-BF4B-00C04F79EFBC}") = "Stater.StateMachine.Lib.Tests", "Stater.StateMachine.Lib.Tests\Stater.StateMachine.Lib.Tests.csproj", "{2AA9E393-D324-414E-A528-A147C4CB1B54}"
EndProject
Global
	GlobalSection(SolutionConfigurationPlatforms) = preSolution
		Debug|Any CPU = Debug|Any CPU
		Release|Any CPU = Release|Any CPU
	EndGlobalSection
	GlobalSection(ProjectConfigurationPlatforms) = postSolution
		{B2893B00-FCB9-41A1-BAA5-528F8CD02D1F}.Debug|Any CPU.ActiveCfg = Debug|Any CPU
		{B2893B00-FCB9-41A1-BAA5-528F8CD02D1F}.Debug|Any CPU.Build.0 = Debug|Any CPU
		{B2893B00-FCB9-41A1-BAA5-528F8CD02D1F}.Release|Any CPU.ActiveCfg = Release|Any CPU
		{B2893B00-FCB9-41A1-BAA5-528F8CD02D1F}.Release|Any CPU.Build.0 = Release|Any CPU
		{2AA9E393-D324-414E-A528-A147C4CB1B54}.Debug|Any CPU.ActiveCfg = Debug|Any CPU
		{2AA9E393-D324-414E-A528-A147C4CB1B54}.Debug|Any CPU.Build.0 = Debug|Any CPU
		{2AA9E393-D324-414E-A528-A147C4CB1B54}.Release|Any CPU.ActiveCfg = Release|Any CPU
		{2AA9E393-D324-414E-A528-A147C4CB1B54}.Release|Any CPU.Build.0 = Release|Any CPU
	EndGlobalSection
EndGlobal
